// !$*UTF8*$!
{
	archiveVersion = 1;
	classes = {
	};
	objectVersion = 46;
	objects = {

/* Begin PBXBuildFile section */
		5C99361D1D39C098007BA1F6 /* AppDelegate.swift in Sources */ = {isa = PBXBuildFile; fileRef = 5C99361C1D39C098007BA1F6 /* AppDelegate.swift */; };
		5C99361F1D39C098007BA1F6 /* ViewController.swift in Sources */ = {isa = PBXBuildFile; fileRef = 5C99361E1D39C098007BA1F6 /* ViewController.swift */; };
		5C9936221D39C098007BA1F6 /* Main.storyboard in Resources */ = {isa = PBXBuildFile; fileRef = 5C9936201D39C098007BA1F6 /* Main.storyboard */; };
		5C9936241D39C098007BA1F6 /* Assets.xcassets in Resources */ = {isa = PBXBuildFile; fileRef = 5C9936231D39C098007BA1F6 /* Assets.xcassets */; };
		5C9936271D39C098007BA1F6 /* LaunchScreen.storyboard in Resources */ = {isa = PBXBuildFile; fileRef = 5C9936251D39C098007BA1F6 /* LaunchScreen.storyboard */; };
		5C9936311D39C98A007BA1F6 /* SearchBarCell.swift in Sources */ = {isa = PBXBuildFile; fileRef = 5C9936301D39C98A007BA1F6 /* SearchBarCell.swift */; };
		5C9936331D39C9A2007BA1F6 /* SearchBarCell.xib in Resources */ = {isa = PBXBuildFile; fileRef = 5C9936321D39C9A2007BA1F6 /* SearchBarCell.xib */; };
/* End PBXBuildFile section */

/* Begin PBXFileReference section */
		5C9936191D39C098007BA1F6 /* SWSearchViewForSwift.app */ = {isa = PBXFileReference; explicitFileType = wrapper.application; includeInIndex = 0; path = SWSearchViewForSwift.app; sourceTree = BUILT_PRODUCTS_DIR; };
		5C99361C1D39C098007BA1F6 /* AppDelegate.swift */ = {isa = PBXFileReference; lastKnownFileType = sourcecode.swift; path = AppDelegate.swift; sourceTree = "<group>"; };
		5C99361E1D39C098007BA1F6 /* ViewController.swift */ = {isa = PBXFileReference; lastKnownFileType = sourcecode.swift; path = ViewController.swift; sourceTree = "<group>"; };
		5C9936211D39C098007BA1F6 /* Base */ = {isa = PBXFileReference; lastKnownFileType = file.storyboard; name = Base; path = Base.lproj/Main.storyboard; sourceTree = "<group>"; };
		5C9936231D39C098007BA1F6 /* Assets.xcassets */ = {isa = PBXFileReference; lastKnownFileType = folder.assetcatalog; path = Assets.xcassets; sourceTree = "<group>"; };
		5C9936261D39C098007BA1F6 /* Base */ = {isa = PBXFileReference; lastKnownFileType = file.storyboard; name = Base; path = Base.lproj/LaunchScreen.storyboard; sourceTree = "<group>"; };
		5C9936281D39C098007BA1F6 /* Info.plist */ = {isa = PBXFileReference; lastKnownFileType = text.plist.xml; path = Info.plist; sourceTree = "<group>"; };
		5C9936301D39C98A007BA1F6 /* SearchBarCell.swift */ = {isa = PBXFileReference; fileEncoding = 4; lastKnownFileType = sourcecode.swift; path = SearchBarCell.swift; sourceTree = "<group>"; };
		5C9936321D39C9A2007BA1F6 /* SearchBarCell.xib */ = {isa = PBXFileReference; fileEncoding = 4; lastKnownFileType = file.xib; path = SearchBarCell.xib; sourceTree = "<group>"; };
/* End PBXFileReference section */

/* Begin PBXFrameworksBuildPhase section */
		5C9936161D39C098007BA1F6 /* Frameworks */ = {
			isa = PBXFrameworksBuildPhase;
			buildActionMask = 2147483647;
			files = (
			);
			runOnlyForDeploymentPostprocessing = 0;
		};
/* End PBXFrameworksBuildPhase section */

/* Begin PBXGroup section */
		5C9936101D39C098007BA1F6 = {
			isa = PBXGroup;
			children = (
				5C99361B1D39C098007BA1F6 /* SWSearchViewForSwift */,
				5C99361A1D39C098007BA1F6 /* Products */,
			);
			sourceTree = "<group>";
		};
		5C99361A1D39C098007BA1F6 /* Products */ = {
			isa = PBXGroup;
			children = (
				5C9936191D39C098007BA1F6 /* SWSearchViewForSwift.app */,
			);
			name = Products;
			sourceTree = "<group>";
		};
		5C99361B1D39C098007BA1F6 /* SWSearchViewForSwift */ = {
			isa = PBXGroup;
			children = (
				5C99361C1D39C098007BA1F6 /* AppDelegate.swift */,
				5C99361E1D39C098007BA1F6 /* ViewController.swift */,
				5C9936201D39C098007BA1F6 /* Main.storyboard */,
				5C9936231D39C098007BA1F6 /* Assets.xcassets */,
				5C9936251D39C098007BA1F6 /* LaunchScreen.storyboard */,
				5C9936281D39C098007BA1F6 /* Info.plist */,
				5C9936301D39C98A007BA1F6 /* SearchBarCell.swift */,
				5C9936321D39C9A2007BA1F6 /* SearchBarCell.xib */,
			);
			path = SWSearchViewForSwift;
			sourceTree = "<group>";
		};
/* End PBXGroup section */

/* Begin PBXNativeTarget section */
		5C9936181D39C098007BA1F6 /* SWSearchViewForSwift */ = {
			isa = PBXNativeTarget;
			buildConfigurationList = 5C99362B1D39C098007BA1F6 /* Build configuration list for PBXNativeTarget "SWSearchViewForSwift" */;
			buildPhases = (
				5C9936151D39C098007BA1F6 /* Sources */,
				5C9936161D39C098007BA1F6 /* Frameworks */,
				5C9936171D39C098007BA1F6 /* Resources */,
			);
			buildRules = (
			);
			dependencies = (
			);
			name = SWSearchViewForSwift;
			productName = SWSearchViewForSwift;
			productReference = 5C9936191D39C098007BA1F6 /* SWSearchViewForSwift.app */;
			productType = "com.apple.product-type.application";
		};
/* End PBXNativeTarget section */

/* Begin PBXProject section */
		5C9936111D39C098007BA1F6 /* Project object */ = {
			isa = PBXProject;
			attributes = {
				LastSwiftUpdateCheck = 0730;
				LastUpgradeCheck = 0730;
				ORGANIZATIONNAME = ParkSungWon;
				TargetAttributes = {
					5C9936181D39C098007BA1F6 = {
						CreatedOnToolsVersion = 7.3.1;
					};
				};
			};
			buildConfigurationList = 5C9936141D39C098007BA1F6 /* Build configuration list for PBXProject "SWSearchViewForSwift" */;
			compatibilityVersion = "Xcode 3.2";
			developmentRegion = English;
			hasScannedForEncodings = 0;
			knownRegions = (
				en,
				Base,
			);
			mainGroup = 5C9936101D39C098007BA1F6;
			productRefGroup = 5C99361A1D39C098007BA1F6 /* Products */;
			projectDirPath = "";
			projectRoot = "";
			targets = (
				5C9936181D39C098007BA1F6 /* SWSearchViewForSwift */,
			);
		};
/* End PBXProject section */

/* Begin PBXResourcesBuildPhase section */
		5C9936171D39C098007BA1F6 /* Resources */ = {
			isa = PBXResourcesBuildPhase;
			buildActionMask = 2147483647;
			files = (
				5C9936271D39C098007BA1F6 /* LaunchScreen.storyboard in Resources */,
				5C9936331D39C9A2007BA1F6 /* SearchBarCell.xib in Resources */,
				5C9936241D39C098007BA1F6 /* Assets.xcassets in Resources */,
				5C9936221D39C098007BA1F6 /* Main.storyboard in Resources */,
			);
			runOnlyForDeploymentPostprocessing = 0;
		};
/* End PBXResourcesBuildPhase section */

/* Begin PBXSourcesBuildPhase section */
		5C9936151D39C098007BA1F6 /* Sources */ = {
			isa = PBXSourcesBuildPhase;
			buildActionMask = 2147483647;
			files = (
				5C99361F1D39C098007BA1F6 /* ViewController.swift in Sources */,
				5C9936311D39C98A007BA1F6 /* SearchBarCell.swift in Sources */,
				5C99361D1D39C098007BA1F6 /* AppDelegate.swift in Sources */,
			);
			runOnlyForDeploymentPostprocessing = 0;
		};
/* End PBXSourcesBuildPhase section */

/* Begin PBXVariantGroup section */
		5C9936201D39C098007BA1F6 /* Main.storyboard */ = {
			isa = PBXVariantGroup;
			children = (
				5C9936211D39C098007BA1F6 /* Base */,
			);
			name = Main.storyboard;
			sourceTree = "<group>";
		};
		5C9936251D39C098007BA1F6 /* LaunchScreen.storyboard */ = {
			isa = PBXVariantGroup;
			children = (
				5C9936261D39C098007BA1F6 /* Base */,
			);
			name = LaunchScreen.storyboard;
			sourceTree = "<group>";
		};
/* End PBXVariantGroup section */

/* Begin XCBuildConfiguration section */
		5C9936291D39C098007BA1F6 /* Debug */ = {
			isa = XCBuildConfiguration;
			buildSettings = {
				ALWAYS_SEARCH_USER_PATHS = NO;
				CLANG_ANALYZER_NONNULL = YES;
				CLANG_CXX_LANGUAGE_STANDARD = "gnu++0x";
				CLANG_CXX_LIBRARY = "libc++";
				CLANG_ENABLE_MODULES = YES;
				CLANG_ENABLE_OBJC_ARC = YES;
				CLANG_WARN_BOOL_CONVERSION = YES;
				CLANG_WARN_CONSTANT_CONVERSION = YES;
				CLANG_WARN_DIRECT_OBJC_ISA_USAGE = YES_ERROR;
				CLANG_WARN_EMPTY_BODY = YES;
				CLANG_WARN_ENUM_CONVERSION = YES;
				CLANG_WARN_INT_CONVERSION = YES;
				CLANG_WARN_OBJC_ROOT_CLASS = YES_ERROR;
				CLANG_WARN_UNREACHABLE_CODE = YES;
				CLANG_WARN__DUPLICATE_METHOD_MATCH = YES;
				"CODE_SIGN_IDENTITY[sdk=iphoneos*]" = "iPhone Developer";
				COPY_PHASE_STRIP = NO;
				DEBUG_INFORMATION_FORMAT = dwarf;
				ENABLE_STRICT_OBJC_MSGSEND = YES;
				ENABLE_TESTABILITY = YES;
				GCC_C_LANGUAGE_STANDARD = gnu99;
				GCC_DYNAMIC_NO_PIC = NO;
				GCC_NO_COMMON_BLOCKS = YES;
				GCC_OPTIMIZATION_LEVEL = 0;
				GCC_PREPROCESSOR_DEFINITIONS = (
					"DEBUG=1",
					"$(inherited)",
				);
				GCC_WARN_64_TO_32_BIT_CONVERSION = YES;
				GCC_WARN_ABOUT_RETURN_TYPE = YES_ERROR;
				GCC_WARN_UNDECLARED_SELECTOR = YES;
				GCC_WARN_UNINITIALIZED_AUTOS = YES_AGGRESSIVE;
				GCC_WARN_UNUSED_FUNCTION = YES;
				GCC_WARN_UNUSED_VARIABLE = YES;
				IPHONEOS_DEPLOYMENT_TARGET = 9.3;
				MTL_ENABLE_DEBUG_INFO = YES;
				ONLY_ACTIVE_ARCH = YES;
				SDKROOT = iphoneos;
				SWIFT_OPTIMIZATION_LEVEL = "-Onone";
			};
			name = Debug;
		};
		5C99362A1D39C098007BA1F6 /* Release */ = {
			isa = XCBuildConfiguration;
			buildSettings = {
				ALWAYS_SEARCH_USER_PATHS = NO;
				CLANG_ANALYZER_NONNULL = YES;
				CLANG_CXX_LANGUAGE_STANDARD = "gnu++0x";
				CLANG_CXX_LIBRARY = "libc++";
				CLANG_ENABLE_MODULES = YES;
				CLANG_ENABLE_OBJC_ARC = YES;
				CLANG_WARN_BOOL_CONVERSION = YES;
				CLANG_WARN_CONSTANT_CONVERSION = YES;
				CLANG_WARN_DIRECT_OBJC_ISA_USAGE = YES_ERROR;
				CLANG_WARN_EMPTY_BODY = YES;
				CLANG_WARN_ENUM_CONVERSION = YES;
				CLANG_WARN_INT_CONVERSION = YES;
				CLANG_WARN_OBJC_ROOT_CLASS = YES_ERROR;
				CLANG_WARN_UNREACHABLE_CODE = YES;
				CLANG_WARN__DUPLICATE_METHOD_MATCH = YES;
				"CODE_SIGN_IDENTITY[sdk=iphoneos*]" = "iPhone Developer";
				COPY_PHASE_STRIP = NO;
				DEBUG_INFORMATION_FORMAT = "dwarf-with-dsym";
				ENABLE_NS_ASSERTIONS = NO;
				ENABLE_STRICT_OBJC_MSGSEND = YES;
				GCC_C_LANGUAGE_STANDARD = gnu99;
				GCC_NO_COMMON_BLOCKS = YES;
				GCC_WARN_64_TO_32_BIT_CONVERSION = YES;
				GCC_WARN_ABOUT_RETURN_TYPE = YES_ERROR;
				GCC_WARN_UNDECLARED_SELECTOR = YES;
				GCC_WARN_UNINITIALIZED_AUTOS = YES_AGGRESSIVE;
				GCC_WARN_UNUSED_FUNCTION = YES;
				GCC_WARN_UNUSED_VARIABLE = YES;
				IPHONEOS_DEPLOYMENT_TARGET = 9.3;
				MTL_ENABLE_DEBUG_INFO = NO;
				SDKROOT = iphoneos;
				VALIDATE_PRODUCT = YES;
			};
			name = Release;
		};
		5C99362C1D39C098007BA1F6 /* Debug */ = {
			isa = XCBuildConfiguration;
			buildSettings = {
				ASSETCATALOG_COMPILER_APPICON_NAME = AppIcon;
				INFOPLIST_FILE = SWSearchViewForSwift/Info.plist;
				LD_RUNPATH_SEARCH_PATHS = "$(inherited) @executable_path/Frameworks";
				PRODUCT_BUNDLE_IDENTIFIER = com.sungwon.SWSearchViewForSwift;
				PRODUCT_NAME = "$(TARGET_NAME)";
			};
			name = Debug;
		};
		5C99362D1D39C098007BA1F6 /* Release */ = {
			isa = XCBuildConfiguration;
			buildSettings = {
				ASSETCATALOG_COMPILER_APPICON_NAME = AppIcon;
				INFOPLIST_FILE = SWSearchViewForSwift/Info.plist;
				LD_RUNPATH_SEARCH_PATHS = "$(inherited) @executable_path/Frameworks";
				PRODUCT_BUNDLE_IDENTIFIER = com.sungwon.SWSearchViewForSwift;
				PRODUCT_NAME = "$(TARGET_NAME)";
			};
			name = Release;
		};
/* End XCBuildConfiguration section */

/* Begin XCConfigurationList section */
		5C9936141D39C098007BA1F6 /* Build configuration list for PBXProject "SWSearchViewForSwift" */ = {
			isa = XCConfigurationList;
			buildConfigurations = (
				5C9936291D39C098007BA1F6 /* Debug */,
				5C99362A1D39C098007BA1F6 /* Release */,
			);
			defaultConfigurationIsVisible = 0;
			defaultConfigurationName = Release;
		};
		5C99362B1D39C098007BA1F6 /* Build configuration list for PBXNativeTarget "SWSearchViewForSwift" */ = {
			isa = XCConfigurationList;
			buildConfigurations = (
				5C99362C1D39C098007BA1F6 /* Debug */,
				5C99362D1D39C098007BA1F6 /* Release */,
			);
			defaultConfigurationIsVisible = 0;
		};
/* End XCConfigurationList section */
	};
	rootObject = 5C9936111D39C098007BA1F6 /* Project object */;
}
